
Microsoft Visual Studio Solution File, Format Version 12.00
# Visual Studio Version 17
VisualStudioVersion = 17.4.33213.308
MinimumVisualStudioVersion = 10.0.40219.1
Project("{FAE04EC0-301F-11D3-BF4B-00C04F79EFBC}") = "MobileRepair", "MobileRepair\MobileRepair.csproj", "{6638DC22-DF66-484B-AE61-896A2894B55C}"
EndProject
Global
	GlobalSection(SolutionConfigurationPlatforms) = preSolution
		Debug|Any CPU = Debug|Any CPU
		Release|Any CPU = Release|Any CPU
	EndGlobalSection
	GlobalSection(ProjectConfigurationPlatforms) = postSolution
		{6638DC22-DF66-484B-AE61-896A2894B55C}.Debug|Any CPU.ActiveCfg = Debug|Any CPU
		{6638DC22-DF66-484B-AE61-896A2894B55C}.Debug|Any CPU.Build.0 = Debug|Any CPU
		{6638DC22-DF66-484B-AE61-896A2894B55C}.Release|Any CPU.ActiveCfg = Release|Any CPU
		{6638DC22-DF66-484B-AE61-896A2894B55C}.Release|Any CPU.Build.0 = Release|Any CPU
	EndGlobalSection
	GlobalSection(SolutionProperties) = preSolution
		HideSolutionNode = FALSE
	EndGlobalSection
	GlobalSection(ExtensibilityGlobals) = postSolution
		SolutionGuid = {5F4CA4E7-BA1A-4337-99F5-E22B949AAD38}
	EndGlobalSection
EndGlobal
